// !$*UTF8*$!
{
	archiveVersion = 1;
	classes = {
	};
	objectVersion = 46;
	objects = {

/* Begin PBXBuildFile section */
		5DCD23E817BABB9500119DB1 /* Cocoa.framework in Frameworks */ = {isa = PBXBuildFile; fileRef = 5DCD23E717BABB9500119DB1 /* Cocoa.framework */; };
		5DCD23F217BABB9500119DB1 /* InfoPlist.strings in Resources */ = {isa = PBXBuildFile; fileRef = 5DCD23F017BABB9500119DB1 /* InfoPlist.strings */; };
		5DCD23F417BABB9500119DB1 /* main.m in Sources */ = {isa = PBXBuildFile; fileRef = 5DCD23F317BABB9500119DB1 /* main.m */; };
		5DCD23FB17BABB9500119DB1 /* AppDelegate.m in Sources */ = {isa = PBXBuildFile; fileRef = 5DCD23FA17BABB9500119DB1 /* AppDelegate.m */; };
		5DCD23FE17BABB9500119DB1 /* MainMenu.xib in Resources */ = {isa = PBXBuildFile; fileRef = 5DCD23FC17BABB9500119DB1 /* MainMenu.xib */; };
		5DCD240617BACCAA00119DB1 /* AGApplicationMoved.m in Sources */ = {isa = PBXBuildFile; fileRef = 5DCD240517BACCAA00119DB1 /* AGApplicationMoved.m */; };
		5DCD246017BAE0D300119DB1 /* AGAppRelaunch in CopyFiles */ = {isa = PBXBuildFile; fileRef = 5DCD245D17BAE0CC00119DB1 /* AGAppRelaunch */; };
/* End PBXBuildFile section */

/* Begin PBXContainerItemProxy section */
		5DCD245C17BAE0CC00119DB1 /* PBXContainerItemProxy */ = {
			isa = PBXContainerItemProxy;
			containerPortal = 5DCD245817BAE0CC00119DB1 /* AGAppRelaunch.xcodeproj */;
			proxyType = 2;
			remoteGlobalIDString = 5DCD241817BADA2600119DB1;
			remoteInfo = AGAppRelaunch;
		};
		5DCD245E17BAE0D000119DB1 /* PBXContainerItemProxy */ = {
			isa = PBXContainerItemProxy;
			containerPortal = 5DCD245817BAE0CC00119DB1 /* AGAppRelaunch.xcodeproj */;
			proxyType = 1;
			remoteGlobalIDString = 5DCD241717BADA2600119DB1;
			remoteInfo = AGAppRelaunch;
		};
/* End PBXContainerItemProxy section */

/* Begin PBXCopyFilesBuildPhase section */
		5DCD244217BADD2500119DB1 /* CopyFiles */ = {
			isa = PBXCopyFilesBuildPhase;
			buildActionMask = 2147483647;
			dstPath = "";
			dstSubfolderSpec = 7;
			files = (
				5DCD246017BAE0D300119DB1 /* AGAppRelaunch in CopyFiles */,
			);
			runOnlyForDeploymentPostprocessing = 0;
		};
/* End PBXCopyFilesBuildPhase section */

/* Begin PBXFileReference section */
		5DCD23E417BABB9500119DB1 /* AGApplicationMoved.app */ = {isa = PBXFileReference; explicitFileType = wrapper.application; includeInIndex = 0; path = AGApplicationMoved.app; sourceTree = BUILT_PRODUCTS_DIR; };
		5DCD23E717BABB9500119DB1 /* Cocoa.framework */ = {isa = PBXFileReference; lastKnownFileType = wrapper.framework; name = Cocoa.framework; path = System/Library/Frameworks/Cocoa.framework; sourceTree = SDKROOT; };
		5DCD23EA17BABB9500119DB1 /* AppKit.framework */ = {isa = PBXFileReference; lastKnownFileType = wrapper.framework; name = AppKit.framework; path = System/Library/Frameworks/AppKit.framework; sourceTree = SDKROOT; };
		5DCD23EB17BABB9500119DB1 /* CoreData.framework */ = {isa = PBXFileReference; lastKnownFileType = wrapper.framework; name = CoreData.framework; path = System/Library/Frameworks/CoreData.framework; sourceTree = SDKROOT; };
		5DCD23EC17BABB9500119DB1 /* Foundation.framework */ = {isa = PBXFileReference; lastKnownFileType = wrapper.framework; name = Foundation.framework; path = System/Library/Frameworks/Foundation.framework; sourceTree = SDKROOT; };
		5DCD23EF17BABB9500119DB1 /* AGApplicationMoved-Info.plist */ = {isa = PBXFileReference; lastKnownFileType = text.plist.xml; path = "AGApplicationMoved-Info.plist"; sourceTree = "<group>"; };
		5DCD23F117BABB9500119DB1 /* en */ = {isa = PBXFileReference; lastKnownFileType = text.plist.strings; name = en; path = en.lproj/InfoPlist.strings; sourceTree = "<group>"; };
		5DCD23F317BABB9500119DB1 /* main.m */ = {isa = PBXFileReference; lastKnownFileType = sourcecode.c.objc; path = main.m; sourceTree = "<group>"; };
		5DCD23F517BABB9500119DB1 /* AGApplicationMoved-Prefix.pch */ = {isa = PBXFileReference; lastKnownFileType = sourcecode.c.h; path = "AGApplicationMoved-Prefix.pch"; sourceTree = "<group>"; };
		5DCD23F917BABB9500119DB1 /* AppDelegate.h */ = {isa = PBXFileReference; lastKnownFileType = sourcecode.c.h; path = AppDelegate.h; sourceTree = "<group>"; };
		5DCD23FA17BABB9500119DB1 /* AppDelegate.m */ = {isa = PBXFileReference; lastKnownFileType = sourcecode.c.objc; path = AppDelegate.m; sourceTree = "<group>"; };
		5DCD23FD17BABB9500119DB1 /* en */ = {isa = PBXFileReference; lastKnownFileType = file.xib; name = en; path = en.lproj/MainMenu.xib; sourceTree = "<group>"; };
		5DCD240417BACCAA00119DB1 /* AGApplicationMoved.h */ = {isa = PBXFileReference; fileEncoding = 4; lastKnownFileType = sourcecode.c.h; path = AGApplicationMoved.h; sourceTree = "<group>"; };
		5DCD240517BACCAA00119DB1 /* AGApplicationMoved.m */ = {isa = PBXFileReference; fileEncoding = 4; lastKnownFileType = sourcecode.c.objc; path = AGApplicationMoved.m; sourceTree = "<group>"; };
		5DCD245817BAE0CC00119DB1 /* AGAppRelaunch.xcodeproj */ = {isa = PBXFileReference; lastKnownFileType = "wrapper.pb-project"; name = AGAppRelaunch.xcodeproj; path = AGAppRelaunch/AGAppRelaunch.xcodeproj; sourceTree = "<group>"; };
/* End PBXFileReference section */

/* Begin PBXFrameworksBuildPhase section */
		5DCD23E117BABB9500119DB1 /* Frameworks */ = {
			isa = PBXFrameworksBuildPhase;
			buildActionMask = 2147483647;
			files = (
				5DCD23E817BABB9500119DB1 /* Cocoa.framework in Frameworks */,
			);
			runOnlyForDeploymentPostprocessing = 0;
		};
/* End PBXFrameworksBuildPhase section */

/* Begin PBXGroup section */
		5DCD23DB17BABB9500119DB1 = {
			isa = PBXGroup;
			children = (
				5DCD245817BAE0CC00119DB1 /* AGAppRelaunch.xcodeproj */,
				5DCD23ED17BABB9500119DB1 /* Example */,
				5DCD23E617BABB9500119DB1 /* Frameworks */,
				5DCD23E517BABB9500119DB1 /* Products */,
			);
			sourceTree = "<group>";
		};
		5DCD23E517BABB9500119DB1 /* Products */ = {
			isa = PBXGroup;
			children = (
				5DCD23E417BABB9500119DB1 /* AGApplicationMoved.app */,
			);
			name = Products;
			sourceTree = "<group>";
		};
		5DCD23E617BABB9500119DB1 /* Frameworks */ = {
			isa = PBXGroup;
			children = (
				5DCD23E717BABB9500119DB1 /* Cocoa.framework */,
				5DCD23E917BABB9500119DB1 /* Other Frameworks */,
			);
			name = Frameworks;
			sourceTree = "<group>";
		};
		5DCD23E917BABB9500119DB1 /* Other Frameworks */ = {
			isa = PBXGroup;
			children = (
				5DCD23EA17BABB9500119DB1 /* AppKit.framework */,
				5DCD23EB17BABB9500119DB1 /* CoreData.framework */,
				5DCD23EC17BABB9500119DB1 /* Foundation.framework */,
			);
			name = "Other Frameworks";
			sourceTree = "<group>";
		};
		5DCD23ED17BABB9500119DB1 /* Example */ = {
			isa = PBXGroup;
			children = (
				5DCD23F917BABB9500119DB1 /* AppDelegate.h */,
				5DCD23FA17BABB9500119DB1 /* AppDelegate.m */,
				5DCD240417BACCAA00119DB1 /* AGApplicationMoved.h */,
				5DCD240517BACCAA00119DB1 /* AGApplicationMoved.m */,
				5DCD23FC17BABB9500119DB1 /* MainMenu.xib */,
				5DCD23EE17BABB9500119DB1 /* Supporting Files */,
			);
			name = Example;
			path = AGApplicationMoved;
			sourceTree = "<group>";
		};
		5DCD23EE17BABB9500119DB1 /* Supporting Files */ = {
			isa = PBXGroup;
			children = (
				5DCD23EF17BABB9500119DB1 /* AGApplicationMoved-Info.plist */,
				5DCD23F017BABB9500119DB1 /* InfoPlist.strings */,
				5DCD23F317BABB9500119DB1 /* main.m */,
				5DCD23F517BABB9500119DB1 /* AGApplicationMoved-Prefix.pch */,
			);
			name = "Supporting Files";
			sourceTree = "<group>";
		};
		5DCD245917BAE0CC00119DB1 /* Products */ = {
			isa = PBXGroup;
			children = (
				5DCD245D17BAE0CC00119DB1 /* AGAppRelaunch */,
			);
			name = Products;
			sourceTree = "<group>";
		};
/* End PBXGroup section */

/* Begin PBXNativeTarget section */
		5DCD23E317BABB9500119DB1 /* AGApplicationMoved */ = {
			isa = PBXNativeTarget;
			buildConfigurationList = 5DCD240117BABB9500119DB1 /* Build configuration list for PBXNativeTarget "AGApplicationMoved" */;
			buildPhases = (
				5DCD23E017BABB9500119DB1 /* Sources */,
				5DCD23E117BABB9500119DB1 /* Frameworks */,
				5DCD23E217BABB9500119DB1 /* Resources */,
				5DCD244217BADD2500119DB1 /* CopyFiles */,
			);
			buildRules = (
			);
			dependencies = (
				5DCD245F17BAE0D000119DB1 /* PBXTargetDependency */,
			);
			name = AGApplicationMoved;
			productName = MovingApplication;
			productReference = 5DCD23E417BABB9500119DB1 /* AGApplicationMoved.app */;
			productType = "com.apple.product-type.application";
		};
/* End PBXNativeTarget section */

/* Begin PBXProject section */
		5DCD23DC17BABB9500119DB1 /* Project object */ = {
			isa = PBXProject;
			attributes = {
				LastUpgradeCheck = 0460;
				ORGANIZATIONNAME = "Seth Willits";
			};
			buildConfigurationList = 5DCD23DF17BABB9500119DB1 /* Build configuration list for PBXProject "AGApplicationMoved" */;
			compatibilityVersion = "Xcode 3.2";
			developmentRegion = English;
			hasScannedForEncodings = 0;
			knownRegions = (
				en,
			);
			mainGroup = 5DCD23DB17BABB9500119DB1;
			productRefGroup = 5DCD23E517BABB9500119DB1 /* Products */;
			projectDirPath = "";
			projectReferences = (
				{
					ProductGroup = 5DCD245917BAE0CC00119DB1 /* Products */;
					ProjectRef = 5DCD245817BAE0CC00119DB1 /* AGAppRelaunch.xcodeproj */;
				},
			);
			projectRoot = "";
			targets = (
				5DCD23E317BABB9500119DB1 /* AGApplicationMoved */,
			);
		};
/* End PBXProject section */

/* Begin PBXReferenceProxy section */
		5DCD245D17BAE0CC00119DB1 /* AGAppRelaunch */ = {
			isa = PBXReferenceProxy;
			fileType = "compiled.mach-o.executable";
			path = AGAppRelaunch;
			remoteRef = 5DCD245C17BAE0CC00119DB1 /* PBXContainerItemProxy */;
			sourceTree = BUILT_PRODUCTS_DIR;
		};
/* End PBXReferenceProxy section */

/* Begin PBXResourcesBuildPhase section */
		5DCD23E217BABB9500119DB1 /* Resources */ = {
			isa = PBXResourcesBuildPhase;
			buildActionMask = 2147483647;
			files = (
				5DCD23F217BABB9500119DB1 /* InfoPlist.strings in Resources */,
				5DCD23FE17BABB9500119DB1 /* MainMenu.xib in Resources */,
			);
			runOnlyForDeploymentPostprocessing = 0;
		};
/* End PBXResourcesBuildPhase section */

/* Begin PBXSourcesBuildPhase section */
		5DCD23E017BABB9500119DB1 /* Sources */ = {
			isa = PBXSourcesBuildPhase;
			buildActionMask = 2147483647;
			files = (
				5DCD23F417BABB9500119DB1 /* main.m in Sources */,
				5DCD23FB17BABB9500119DB1 /* AppDelegate.m in Sources */,
				5DCD240617BACCAA00119DB1 /* AGApplicationMoved.m in Sources */,
			);
			runOnlyForDeploymentPostprocessing = 0;
		};
/* End PBXSourcesBuildPhase section */

/* Begin PBXTargetDependency section */
		5DCD245F17BAE0D000119DB1 /* PBXTargetDependency */ = {
			isa = PBXTargetDependency;
			name = AGAppRelaunch;
			targetProxy = 5DCD245E17BAE0D000119DB1 /* PBXContainerItemProxy */;
		};
/* End PBXTargetDependency section */

/* Begin PBXVariantGroup section */
		5DCD23F017BABB9500119DB1 /* InfoPlist.strings */ = {
			isa = PBXVariantGroup;
			children = (
				5DCD23F117BABB9500119DB1 /* en */,
			);
			name = InfoPlist.strings;
			sourceTree = "<group>";
		};
		5DCD23FC17BABB9500119DB1 /* MainMenu.xib */ = {
			isa = PBXVariantGroup;
			children = (
				5DCD23FD17BABB9500119DB1 /* en */,
			);
			name = MainMenu.xib;
			sourceTree = "<group>";
		};
/* End PBXVariantGroup section */

/* Begin XCBuildConfiguration section */
		5DCD23FF17BABB9500119DB1 /* Debug */ = {
			isa = XCBuildConfiguration;
			buildSettings = {
				ALWAYS_SEARCH_USER_PATHS = NO;
				CLANG_CXX_LANGUAGE_STANDARD = "gnu++0x";
				CLANG_CXX_LIBRARY = "libc++";
				CLANG_WARN_CONSTANT_CONVERSION = YES;
				CLANG_WARN_EMPTY_BODY = YES;
				CLANG_WARN_ENUM_CONVERSION = YES;
				CLANG_WARN_INT_CONVERSION = YES;
				CLANG_WARN__DUPLICATE_METHOD_MATCH = YES;
				COPY_PHASE_STRIP = NO;
				GCC_C_LANGUAGE_STANDARD = gnu99;
				GCC_DYNAMIC_NO_PIC = NO;
				GCC_ENABLE_OBJC_EXCEPTIONS = YES;
				GCC_OPTIMIZATION_LEVEL = 0;
				GCC_PREPROCESSOR_DEFINITIONS = (
					"DEBUG=1",
					"$(inherited)",
				);
				GCC_SYMBOLS_PRIVATE_EXTERN = NO;
				GCC_WARN_64_TO_32_BIT_CONVERSION = YES;
				GCC_WARN_ABOUT_RETURN_TYPE = YES;
				GCC_WARN_UNINITIALIZED_AUTOS = YES;
				GCC_WARN_UNUSED_VARIABLE = YES;
				MACOSX_DEPLOYMENT_TARGET = 10.6;
				ONLY_ACTIVE_ARCH = YES;
				SDKROOT = macosx;
			};
			name = Debug;
		};
		5DCD240017BABB9500119DB1 /* Release */ = {
			isa = XCBuildConfiguration;
			buildSettings = {
				ALWAYS_SEARCH_USER_PATHS = NO;
				CLANG_CXX_LANGUAGE_STANDARD = "gnu++0x";
				CLANG_CXX_LIBRARY = "libc++";
				CLANG_WARN_CONSTANT_CONVERSION = YES;
				CLANG_WARN_EMPTY_BODY = YES;
				CLANG_WARN_ENUM_CONVERSION = YES;
				CLANG_WARN_INT_CONVERSION = YES;
				CLANG_WARN__DUPLICATE_METHOD_MATCH = YES;
				COPY_PHASE_STRIP = YES;
				DEBUG_INFORMATION_FORMAT = "dwarf-with-dsym";
				GCC_C_LANGUAGE_STANDARD = gnu99;
				GCC_ENABLE_OBJC_EXCEPTIONS = YES;
				GCC_WARN_64_TO_32_BIT_CONVERSION = YES;
				GCC_WARN_ABOUT_RETURN_TYPE = YES;
				GCC_WARN_UNINITIALIZED_AUTOS = YES;
				GCC_WARN_UNUSED_VARIABLE = YES;
				MACOSX_DEPLOYMENT_TARGET = 10.6;
				SDKROOT = macosx;
			};
			name = Release;
		};
		5DCD240217BABB9500119DB1 /* Debug */ = {
			isa = XCBuildConfiguration;
			buildSettings = {
				COMBINE_HIDPI_IMAGES = YES;
				GCC_PRECOMPILE_PREFIX_HEADER = YES;
				GCC_PREFIX_HEADER = "AGApplicationMoved/AGApplicationMoved-Prefix.pch";
				INFOPLIST_FILE = "AGApplicationMoved/AGApplicationMoved-Info.plist";
				PRODUCT_NAME = AGApplicationMoved;
				WRAPPER_EXTENSION = app;
			};
			name = Debug;
		};
		5DCD240317BABB9500119DB1 /* Release */ = {
			isa = XCBuildConfiguration;
			buildSettings = {
				COMBINE_HIDPI_IMAGES = YES;
				GCC_PRECOMPILE_PREFIX_HEADER = YES;
				GCC_PREFIX_HEADER = "AGApplicationMoved/AGApplicationMoved-Prefix.pch";
				INFOPLIST_FILE = "AGApplicationMoved/AGApplicationMoved-Info.plist";
				PRODUCT_NAME = AGApplicationMoved;
				WRAPPER_EXTENSION = app;
			};
			name = Release;
		};
/* End XCBuildConfiguration section */

/* Begin XCConfigurationList section */
		5DCD23DF17BABB9500119DB1 /* Build configuration list for PBXProject "AGApplicationMoved" */ = {
			isa = XCConfigurationList;
			buildConfigurations = (
				5DCD23FF17BABB9500119DB1 /* Debug */,
				5DCD240017BABB9500119DB1 /* Release */,
			);
			defaultConfigurationIsVisible = 0;
			defaultConfigurationName = Release;
		};
		5DCD240117BABB9500119DB1 /* Build configuration list for PBXNativeTarget "AGApplicationMoved" */ = {
			isa = XCConfigurationList;
			buildConfigurations = (
				5DCD240217BABB9500119DB1 /* Debug */,
				5DCD240317BABB9500119DB1 /* Release */,
			);
			defaultConfigurationIsVisible = 0;
			defaultConfigurationName = Release;
		};
/* End XCConfigurationList section */
	};
	rootObject = 5DCD23DC17BABB9500119DB1 /* Project object */;
}
